
Microsoft Visual Studio Solution File, Format Version 12.00
# Visual Studio Version 16
VisualStudioVersion = 16.0.31702.278
MinimumVisualStudioVersion = 10.0.40219.1
Project("{FAE04EC0-301F-11D3-BF4B-00C04F79EFBC}") = "OOP_Bai3", "OOP_Bai3\OOP_Bai3.csproj", "{D94D56FD-B695-4B88-87E1-756CD93E6357}"
EndProject
Global
	GlobalSection(SolutionConfigurationPlatforms) = preSolution
		Debug|Any CPU = Debug|Any CPU
		Release|Any CPU = Release|Any CPU
	EndGlobalSection
	GlobalSection(ProjectConfigurationPlatforms) = postSolution
		{D94D56FD-B695-4B88-87E1-756CD93E6357}.Debug|Any CPU.ActiveCfg = Debug|Any CPU
		{D94D56FD-B695-4B88-87E1-756CD93E6357}.Debug|Any CPU.Build.0 = Debug|Any CPU
		{D94D56FD-B695-4B88-87E1-756CD93E6357}.Release|Any CPU.ActiveCfg = Release|Any CPU
		{D94D56FD-B695-4B88-87E1-756CD93E6357}.Release|Any CPU.Build.0 = Release|Any CPU
	EndGlobalSection
	GlobalSection(SolutionProperties) = preSolution
		HideSolutionNode = FALSE
	EndGlobalSection
	GlobalSection(ExtensibilityGlobals) = postSolution
		SolutionGuid = {6EDC7714-F806-4ACF-927B-3FD7F098F4D9}
	EndGlobalSection
EndGlobal
